
Microsoft Visual Studio Solution File, Format Version 12.00
# Visual Studio Version 17
VisualStudioVersion = 17.0.31903.59
MinimumVisualStudioVersion = 10.0.40219.1
Project("{9A19103F-16F7-4668-BE54-9A1E7A4F7556}") = "TappUI", "TappUI\TappUI.csproj", "{C46E4BD8-69B4-4521-8DF9-96678439A68E}"
EndProject
Project("{9A19103F-16F7-4668-BE54-9A1E7A4F7556}") = "TappData", "TappData\TappData.csproj", "{2920D020-BACB-4035-996F-10E0DC492677}"
EndProject
Project("{9A19103F-16F7-4668-BE54-9A1E7A4F7556}") = "TappModels", "TappModels\TappModels.csproj", "{78631742-0C7F-4B72-A25D-195CB3A004E7}"
EndProject
Project("{9A19103F-16F7-4668-BE54-9A1E7A4F7556}") = "TappService", "TappService\TappService.csproj", "{356F9A54-C7F7-4323-90FD-B197FF0F2CCE}"
EndProject
Project("{9A19103F-16F7-4668-BE54-9A1E7A4F7556}") = "TappConsole", "TappConsole\TappConsole.csproj", "{CC5EA3BB-9A99-4D49-BCE8-1CF100EB247D}"
	ProjectSection(ProjectDependencies) = postProject
		{78631742-0C7F-4B72-A25D-195CB3A004E7} = {78631742-0C7F-4B72-A25D-195CB3A004E7}
	EndProjectSection
EndProject
Project("{00D1A9C2-B5F0-4AF3-8072-F6C62B433612}") = "TappDatabase", "TappDatabase\TappDatabase.sqlproj", "{3B3F50D3-EEF7-40E5-8A74-FF929A429694}"
EndProject
Global
	GlobalSection(SolutionConfigurationPlatforms) = preSolution
		Debug|Any CPU = Debug|Any CPU
		Release|Any CPU = Release|Any CPU
	EndGlobalSection
	GlobalSection(ProjectConfigurationPlatforms) = postSolution
		{C46E4BD8-69B4-4521-8DF9-96678439A68E}.Debug|Any CPU.ActiveCfg = Debug|Any CPU
		{C46E4BD8-69B4-4521-8DF9-96678439A68E}.Debug|Any CPU.Build.0 = Debug|Any CPU
		{C46E4BD8-69B4-4521-8DF9-96678439A68E}.Release|Any CPU.ActiveCfg = Release|Any CPU
		{C46E4BD8-69B4-4521-8DF9-96678439A68E}.Release|Any CPU.Build.0 = Release|Any CPU
		{2920D020-BACB-4035-996F-10E0DC492677}.Debug|Any CPU.ActiveCfg = Debug|Any CPU
		{2920D020-BACB-4035-996F-10E0DC492677}.Debug|Any CPU.Build.0 = Debug|Any CPU
		{2920D020-BACB-4035-996F-10E0DC492677}.Release|Any CPU.ActiveCfg = Release|Any CPU
		{2920D020-BACB-4035-996F-10E0DC492677}.Release|Any CPU.Build.0 = Release|Any CPU
		{78631742-0C7F-4B72-A25D-195CB3A004E7}.Debug|Any CPU.ActiveCfg = Debug|Any CPU
		{78631742-0C7F-4B72-A25D-195CB3A004E7}.Debug|Any CPU.Build.0 = Debug|Any CPU
		{78631742-0C7F-4B72-A25D-195CB3A004E7}.Release|Any CPU.ActiveCfg = Release|Any CPU
		{78631742-0C7F-4B72-A25D-195CB3A004E7}.Release|Any CPU.Build.0 = Release|Any CPU
		{356F9A54-C7F7-4323-90FD-B197FF0F2CCE}.Debug|Any CPU.ActiveCfg = Debug|Any CPU
		{356F9A54-C7F7-4323-90FD-B197FF0F2CCE}.Debug|Any CPU.Build.0 = Debug|Any CPU
		{356F9A54-C7F7-4323-90FD-B197FF0F2CCE}.Release|Any CPU.ActiveCfg = Release|Any CPU
		{356F9A54-C7F7-4323-90FD-B197FF0F2CCE}.Release|Any CPU.Build.0 = Release|Any CPU
		{CC5EA3BB-9A99-4D49-BCE8-1CF100EB247D}.Debug|Any CPU.ActiveCfg = Debug|Any CPU
		{CC5EA3BB-9A99-4D49-BCE8-1CF100EB247D}.Debug|Any CPU.Build.0 = Debug|Any CPU
		{CC5EA3BB-9A99-4D49-BCE8-1CF100EB247D}.Release|Any CPU.ActiveCfg = Release|Any CPU
		{CC5EA3BB-9A99-4D49-BCE8-1CF100EB247D}.Release|Any CPU.Build.0 = Release|Any CPU
		{3B3F50D3-EEF7-40E5-8A74-FF929A429694}.Debug|Any CPU.ActiveCfg = Debug|Any CPU
		{3B3F50D3-EEF7-40E5-8A74-FF929A429694}.Debug|Any CPU.Build.0 = Debug|Any CPU
		{3B3F50D3-EEF7-40E5-8A74-FF929A429694}.Debug|Any CPU.Deploy.0 = Debug|Any CPU
		{3B3F50D3-EEF7-40E5-8A74-FF929A429694}.Release|Any CPU.ActiveCfg = Release|Any CPU
		{3B3F50D3-EEF7-40E5-8A74-FF929A429694}.Release|Any CPU.Build.0 = Release|Any CPU
		{3B3F50D3-EEF7-40E5-8A74-FF929A429694}.Release|Any CPU.Deploy.0 = Release|Any CPU
	EndGlobalSection
	GlobalSection(SolutionProperties) = preSolution
		HideSolutionNode = FALSE
	EndGlobalSection
	GlobalSection(ExtensibilityGlobals) = postSolution
		SolutionGuid = {40A19117-FE04-41C9-AA25-38E4D55FA6E5}
	EndGlobalSection
EndGlobal
